<?xml version="1.0" encoding="utf-8"?>
<Project ToolsVersion="4.0" xmlns="http://schemas.microsoft.com/developer/msbuild/2003">
  <ItemGroup>
    <Filter Include="Source Files">
      <UniqueIdentifier>{4FC737F1-C7A5-4376-A066-2A32D752A2FF}</UniqueIdentifier>
      <Extensions>cpp;c;cc;cxx;c++;cppm;ixx;def;odl;idl;hpj;bat;asm;asmx</Extensions>
    </Filter>
    <Filter Include="Source Files\Components">
      <UniqueIdentifier>{59ff64d8-9054-4e99-9594-0b758aa7ba61}</UniqueIdentifier>
    </Filter>
    <Filter Include="Source Files\Commands">
      <UniqueIdentifier>{d66edd3a-83bd-4e89-878e-7b48eecebe35}</UniqueIdentifier>
    </Filter>
    <Filter Include="Source Files\Data">
      <UniqueIdentifier>{88ea7122-3607-4442-9810-f4c46a0f65b4}</UniqueIdentifier>
    </Filter>
    <Filter Include="Source Files\Characters">
      <UniqueIdentifier>{6c2a6706-4c1b-4206-a82c-b3840cd612e5}</UniqueIdentifier>
    </Filter>
    <Filter Include="Source Files\Characters\Player">
      <UniqueIdentifier>{308a57c0-786e-45ce-aab8-544bcf820197}</UniqueIdentifier>
    </Filter>
    <Filter Include="Source Files\Characters\enemy">
      <UniqueIdentifier>{9029bd48-bf5c-4a77-8aa5-e8c0115f50ec}</UniqueIdentifier>
    </Filter>
    <Filter Include="Source Files\Components\UI">
      <UniqueIdentifier>{9f2f35eb-6e76-4dcf-bd80-43a11ca50f3b}</UniqueIdentifier>
    </Filter>
    <Filter Include="Source Files\Components\Game">
      <UniqueIdentifier>{44bf5996-650f-4921-aad1-81d7a07e67d7}</UniqueIdentifier>
    </Filter>
    <Filter Include="Source Files\Components\Game\Collectables">
      <UniqueIdentifier>{d83cd76a-a85d-48c2-a0ac-703c7d8a3e01}</UniqueIdentifier>
    </Filter>
    <Filter Include="Source Files\Components\Game\Objects">
      <UniqueIdentifier>{892663aa-c08c-470d-8aa0-b3865f8c1826}</UniqueIdentifier>
    </Filter>
    <Filter Include="Source Files\Components\Game\Data">
      <UniqueIdentifier>{36d882e2-a63c-430a-9ab5-b802172f3c0f}</UniqueIdentifier>
    </Filter>
    <Filter Include="Source Files\Components\UI\GameUi">
      <UniqueIdentifier>{7c6cabad-935c-4e6b-9d44-c410751aa7b5}</UniqueIdentifier>
    </Filter>
    <Filter Include="Source Files\Components\UI\MenuUi">
      <UniqueIdentifier>{435b1f56-71cf-486c-894d-a6151ab5fd23}</UniqueIdentifier>
    </Filter>
    <Filter Include="Source Files\Components\UI\MenuUi\HighScore">
      <UniqueIdentifier>{44e5d5c2-73bd-4004-af79-04f5157c9e4e}</UniqueIdentifier>
    </Filter>
    <Filter Include="Source Files\Components\UI\MenuUi\Button">
      <UniqueIdentifier>{131ad20c-3f74-4e54-852a-1115a3f1d26c}</UniqueIdentifier>
    </Filter>
  </ItemGroup>
  <ItemGroup>
    <ClCompile Include="CPPDigger.cpp">
      <Filter>Source Files</Filter>
    </ClCompile>
    <ClCompile Include="PlayerComponent.cpp">
      <Filter>Source Files\Characters\Player</Filter>
    </ClCompile>
    <ClCompile Include="GemComponent.cpp">
      <Filter>Source Files\Components\Game\Collectables</Filter>
    </ClCompile>
    <ClCompile Include="GoldBagComponent.cpp">
      <Filter>Source Files\Components\Game\Collectables</Filter>
    </ClCompile>
    <ClCompile Include="FireBallComponent.cpp">
      <Filter>Source Files\Components\Game\Objects</Filter>
    </ClCompile>
    <ClCompile Include="DiggingCharacterComponent.cpp">
      <Filter>Source Files\Characters</Filter>
    </ClCompile>
    <ClCompile Include="ScoreComponent.cpp">
      <Filter>Source Files\Components\Game\Data</Filter>
    </ClCompile>
    <ClCompile Include="EnemyComponent.cpp">
      <Filter>Source Files\Characters\enemy</Filter>
    </ClCompile>
    <ClCompile Include="EnemySpawnerComponent.cpp">
      <Filter>Source Files\Characters\enemy</Filter>
    </ClCompile>
    <ClCompile Include="MapData.cpp">
      <Filter>Source Files\Data</Filter>
    </ClCompile>
    <ClCompile Include="CheatCommands.cpp">
      <Filter>Source Files\Commands</Filter>
    </ClCompile>
    <ClCompile Include="HealthComponent.cpp">
      <Filter>Source Files\Components\Game\Data</Filter>
    </ClCompile>
    <ClCompile Include="LevelManagerComponent.cpp">
      <Filter>Source Files\Components\Game</Filter>
    </ClCompile>
    <ClCompile Include="LivesDisplay.cpp">
      <Filter>Source Files\Components\UI\GameUi</Filter>
    </ClCompile>
    <ClCompile Include="NumberDisplay.cpp">
      <Filter>Source Files\Components\UI\GameUi</Filter>
    </ClCompile>
    <ClCompile Include="UITagComponent.cpp">
      <Filter>Source Files\Components\UI\GameUi</Filter>
    </ClCompile>
    <ClCompile Include="HighScoreDisplay.cpp">
      <Filter>Source Files\Components\UI\MenuUi\HighScore</Filter>
    </ClCompile>
    <ClCompile Include="SingleScoreDisplay.cpp">
      <Filter>Source Files\Components\UI\MenuUi\HighScore</Filter>
    </ClCompile>
    <ClCompile Include="UIButtonComponent.cpp">
      <Filter>Source Files\Components\UI\MenuUi\Button</Filter>
    </ClCompile>
    <ClCompile Include="TextInputField.cpp">
      <Filter>Source Files\Components\UI\MenuUi</Filter>
    </ClCompile>
  </ItemGroup>
  <ItemGroup>
    <ClInclude Include="PlayerCommands.h">
      <Filter>Source Files\Characters\Player</Filter>
    </ClInclude>
    <ClInclude Include="PlayerComponent.h">
      <Filter>Source Files\Characters\Player</Filter>
    </ClInclude>
    <ClInclude Include="GemComponent.h">
      <Filter>Source Files\Components\Game\Collectables</Filter>
    </ClInclude>
    <ClInclude Include="GoldBagComponent.h">
      <Filter>Source Files\Components\Game\Collectables</Filter>
    </ClInclude>
    <ClInclude Include="FireBallComponent.h">
      <Filter>Source Files\Components\Game\Objects</Filter>
    </ClInclude>
    <ClInclude Include="DiggingCharacterComponent.h">
      <Filter>Source Files\Characters</Filter>
    </ClInclude>
    <ClInclude Include="ScoreComponent.h">
      <Filter>Source Files\Components\Game\Data</Filter>
    </ClInclude>
    <ClInclude Include="EnemyComponent.h">
      <Filter>Source Files\Characters\enemy</Filter>
    </ClInclude>
    <ClInclude Include="EnemySpawnerComponent.h">
      <Filter>Source Files\Characters\enemy</Filter>
    </ClInclude>
    <ClInclude Include="MapData.h">
      <Filter>Source Files\Data</Filter>
    </ClInclude>
    <ClInclude Include="CheatCommands.h">
      <Filter>Source Files\Commands</Filter>
    </ClInclude>
    <ClInclude Include="HealthComponent.h">
      <Filter>Source Files\Components\Game\Data</Filter>
    </ClInclude>
    <ClInclude Include="LevelManagerComponent.h">
      <Filter>Source Files\Components\Game</Filter>
    </ClInclude>
    <ClInclude Include="LivesDisplay.h">
      <Filter>Source Files\Components\UI\GameUi</Filter>
    </ClInclude>
    <ClInclude Include="NumberDisplay.h">
      <Filter>Source Files\Components\UI\GameUi</Filter>
    </ClInclude>
    <ClInclude Include="UITagComponent.h">
      <Filter>Source Files\Components\UI\GameUi</Filter>
    </ClInclude>
    <ClInclude Include="HighScoreDisplay.h">
      <Filter>Source Files\Components\UI\MenuUi\HighScore</Filter>
    </ClInclude>
    <ClInclude Include="SingleScoreDisplay.h">
      <Filter>Source Files\Components\UI\MenuUi\HighScore</Filter>
    </ClInclude>
    <ClInclude Include="UIButtonComponent.h">
      <Filter>Source Files\Components\UI\MenuUi\Button</Filter>
    </ClInclude>
    <ClInclude Include="TextInputField.h">
      <Filter>Source Files\Components\UI\MenuUi</Filter>
    </ClInclude>
  </ItemGroup>
</Project>