<?xml version="1.0" encoding="utf-8"?>
<Project ToolsVersion="4.0" xmlns="http://schemas.microsoft.com/developer/msbuild/2003">
  <ItemGroup>
    <Filter Include="Source Files">
      <UniqueIdentifier>{4FC737F1-C7A5-4376-A066-2A32D752A2FF}</UniqueIdentifier>
      <Extensions>cpp;c;cc;cxx;c++;cppm;ixx;def;odl;idl;hpj;bat;asm;asmx</Extensions>
    </Filter>
    <Filter Include="Source Files\Components">
      <UniqueIdentifier>{59ff64d8-9054-4e99-9594-0b758aa7ba61}</UniqueIdentifier>
    </Filter>
    <Filter Include="Source Files\Commands">
      <UniqueIdentifier>{d66edd3a-83bd-4e89-878e-7b48eecebe35}</UniqueIdentifier>
    </Filter>
    <Filter Include="Source Files\Components\Player">
      <UniqueIdentifier>{308a57c0-786e-45ce-aab8-544bcf820197}</UniqueIdentifier>
    </Filter>
    <Filter Include="Source Files\Components\Objects">
      <UniqueIdentifier>{892663aa-c08c-470d-8aa0-b3865f8c1826}</UniqueIdentifier>
    </Filter>
    <Filter Include="Source Files\Data">
      <UniqueIdentifier>{88ea7122-3607-4442-9810-f4c46a0f65b4}</UniqueIdentifier>
    </Filter>
    <Filter Include="Source Files\Components\Collectables">
      <UniqueIdentifier>{d83cd76a-a85d-48c2-a0ac-703c7d8a3e01}</UniqueIdentifier>
    </Filter>
  </ItemGroup>
  <ItemGroup>
    <ClCompile Include="CPPDigger.cpp">
      <Filter>Source Files</Filter>
    </ClCompile>
    <ClCompile Include="MapData.cpp">
      <Filter>Source Files</Filter>
    </ClCompile>
    <ClCompile Include="PlayerComponent.cpp">
      <Filter>Source Files\Components\Player</Filter>
    </ClCompile>
    <ClCompile Include="GemComponent.cpp">
      <Filter>Source Files\Components\Collectables</Filter>
    </ClCompile>
    <ClCompile Include="GoldBagComponent.cpp">
      <Filter>Source Files\Components\Collectables</Filter>
    </ClCompile>
  </ItemGroup>
  <ItemGroup>
    <ClInclude Include="MapData.h">
      <Filter>Source Files</Filter>
    </ClInclude>
    <ClInclude Include="PlayerCommands.h">
      <Filter>Source Files\Components\Player</Filter>
    </ClInclude>
    <ClInclude Include="PlayerComponent.h">
      <Filter>Source Files\Components\Player</Filter>
    </ClInclude>
    <ClInclude Include="GemComponent.h">
      <Filter>Source Files\Components\Collectables</Filter>
    </ClInclude>
    <ClInclude Include="GoldBagComponent.h">
      <Filter>Source Files\Components\Collectables</Filter>
    </ClInclude>
  </ItemGroup>
</Project>