<?xml version="1.0" encoding="utf-8"?>
<Project ToolsVersion="4.0" xmlns="http://schemas.microsoft.com/developer/msbuild/2003">
  <ItemGroup>
    <Filter Include="Source Files">
      <UniqueIdentifier>{4FC737F1-C7A5-4376-A066-2A32D752A2FF}</UniqueIdentifier>
      <Extensions>cpp;c;cc;cxx;def;odl;idl;hpj;bat;asm;asmx</Extensions>
    </Filter>
    <Filter Include="Resource Files">
      <UniqueIdentifier>{67DA6AB6-F800-4c08-8B7A-83BB121AAD01}</UniqueIdentifier>
      <Extensions>rc;ico;cur;bmp;dlg;rc2;rct;bin;rgs;gif;jpg;jpeg;jpe;resx;tiff;tif;png;wav;mfcribbon-ms</Extensions>
    </Filter>
    <Filter Include="Engine">
      <UniqueIdentifier>{93995380-89BD-4b04-88EB-625FBE52EBFB}</UniqueIdentifier>
      <Extensions>
      </Extensions>
    </Filter>
    <Filter Include="Engine\base engine">
      <UniqueIdentifier>{13eed464-4d33-41f9-80ba-82c42ebc1cc0}</UniqueIdentifier>
    </Filter>
    <Filter Include="Engine\GameFiles">
      <UniqueIdentifier>{09eefda4-b2df-42b0-bb51-a27359c91d21}</UniqueIdentifier>
    </Filter>
    <Filter Include="Engine\GameFiles\Components">
      <UniqueIdentifier>{d28abbce-8783-4467-b316-6c81165ca0e1}</UniqueIdentifier>
    </Filter>
    <Filter Include="Engine\GameFiles\Components\Text">
      <UniqueIdentifier>{238fe3c0-0067-4879-92b4-cd45658c9a45}</UniqueIdentifier>
    </Filter>
    <Filter Include="Engine\GameFiles\Components\movement">
      <UniqueIdentifier>{e8381e03-13a7-422c-a369-26993bc967ac}</UniqueIdentifier>
    </Filter>
    <Filter Include="Imgui">
      <UniqueIdentifier>{14496dc9-1148-4f96-83e1-552e4298761d}</UniqueIdentifier>
    </Filter>
    <Filter Include="Imgui\backends">
      <UniqueIdentifier>{72627ae6-793d-48aa-8011-230284980fbe}</UniqueIdentifier>
    </Filter>
    <Filter Include="Engine\GameFiles\Components\Imgui">
      <UniqueIdentifier>{84a824f9-f0a7-4494-ad5e-ff7fc083dbcf}</UniqueIdentifier>
    </Filter>
    <Filter Include="Engine\GameFiles\Input">
      <UniqueIdentifier>{58263b36-121e-45c1-97ad-b0c71b784f5d}</UniqueIdentifier>
    </Filter>
    <Filter Include="Engine\GameFiles\Input\Commands">
      <UniqueIdentifier>{f4b8bae0-65c6-4412-bd79-3a7ca789928c}</UniqueIdentifier>
    </Filter>
    <Filter Include="Engine\GameFiles\Input\Devices">
      <UniqueIdentifier>{bea8003a-496c-418e-9bda-94e86fef22b4}</UniqueIdentifier>
    </Filter>
    <Filter Include="Engine\GameFiles\Components\Player">
      <UniqueIdentifier>{5cc91a83-757a-4b00-847e-bf7b5a332058}</UniqueIdentifier>
    </Filter>
    <Filter Include="Engine\GameFiles\Components\Sprite">
      <UniqueIdentifier>{c3dd8996-17a3-4837-aaca-ea07684b5275}</UniqueIdentifier>
    </Filter>
    <Filter Include="Engine\base engine\Tex">
      <UniqueIdentifier>{f8bd37ef-9b8c-4f60-aebe-548f7f53dd68}</UniqueIdentifier>
    </Filter>
  </ItemGroup>
  <ItemGroup>
    <ClInclude Include="GameObject.h">
      <Filter>Engine\base engine</Filter>
    </ClInclude>
    <ClInclude Include="InputManager.h">
      <Filter>Engine\base engine</Filter>
    </ClInclude>
    <ClInclude Include="Scene.h">
      <Filter>Engine\base engine</Filter>
    </ClInclude>
    <ClInclude Include="SceneManager.h">
      <Filter>Engine\base engine</Filter>
    </ClInclude>
    <ClInclude Include="Singleton.h">
      <Filter>Engine\base engine</Filter>
    </ClInclude>
    <ClInclude Include="Transform.h">
      <Filter>Engine\base engine</Filter>
    </ClInclude>
    <ClInclude Include="FPSdisplay.h">
      <Filter>Engine\GameFiles\Components\Text</Filter>
    </ClInclude>
    <ClInclude Include="PlainTextComponent.h">
      <Filter>Engine\GameFiles\Components\Text</Filter>
    </ClInclude>
    <ClInclude Include="Component.h">
      <Filter>Source Files</Filter>
    </ClInclude>
    <ClInclude Include="GameData.h">
      <Filter>Source Files</Filter>
    </ClInclude>
    <ClInclude Include="RotationComponent.h">
      <Filter>Engine\GameFiles\Components\movement</Filter>
    </ClInclude>
    <ClInclude Include="..\3rdParty\imgui-1.90.4\imconfig.h">
      <Filter>Imgui</Filter>
    </ClInclude>
    <ClInclude Include="..\3rdParty\imgui-1.90.4\imgui.h">
      <Filter>Imgui</Filter>
    </ClInclude>
    <ClInclude Include="..\3rdParty\imgui-1.90.4\imgui_internal.h">
      <Filter>Imgui</Filter>
    </ClInclude>
    <ClInclude Include="..\3rdParty\imgui-1.90.4\imstb_rectpack.h">
      <Filter>Imgui</Filter>
    </ClInclude>
    <ClInclude Include="..\3rdParty\imgui-1.90.4\imstb_textedit.h">
      <Filter>Imgui</Filter>
    </ClInclude>
    <ClInclude Include="..\3rdParty\imgui-1.90.4\imstb_truetype.h">
      <Filter>Imgui</Filter>
    </ClInclude>
    <ClInclude Include="..\3rdParty\imgui-1.90.4\backends\imgui_impl_opengl3.h">
      <Filter>Imgui\backends</Filter>
    </ClInclude>
    <ClInclude Include="..\3rdParty\imgui-1.90.4\backends\imgui_impl_sdl2.h">
      <Filter>Imgui\backends</Filter>
    </ClInclude>
    <ClInclude Include="..\3rdParty\imgui-1.90.4\imgui_plot.h">
      <Filter>Imgui</Filter>
    </ClInclude>
    <ClInclude Include="Minigin.h">
      <Filter>Source Files</Filter>
    </ClInclude>
    <ClInclude Include="InputDevice.h">
      <Filter>Engine\GameFiles\Input</Filter>
    </ClInclude>
    <ClInclude Include="Command.h">
      <Filter>Engine\GameFiles\Input</Filter>
    </ClInclude>
    <ClInclude Include="GameObjectCommand.h">
      <Filter>Engine\GameFiles\Input</Filter>
    </ClInclude>
    <ClInclude Include="ControllerDevice.h">
      <Filter>Engine\GameFiles\Input\Devices</Filter>
    </ClInclude>
    <ClInclude Include="KeyboardDevice.h">
      <Filter>Engine\GameFiles\Input\Devices</Filter>
    </ClInclude>
    <ClInclude Include="TrashTheCache.h">
      <Filter>Engine\GameFiles\Components\Imgui</Filter>
    </ClInclude>
    <ClInclude Include="PlayerCommands.h">
      <Filter>Engine\GameFiles\Input\Commands</Filter>
    </ClInclude>
    <ClInclude Include="Signal.h">
      <Filter>Engine\base engine</Filter>
    </ClInclude>
    <ClInclude Include="PlayerComponent.h">
      <Filter>Engine\GameFiles\Components\Player</Filter>
    </ClInclude>
    <ClInclude Include="ScoreDisplays.h">
      <Filter>Engine\GameFiles\Components\Player</Filter>
    </ClInclude>
    <ClInclude Include="TextureComponent.h">
      <Filter>Engine\GameFiles\Components\Sprite</Filter>
    </ClInclude>
    <ClInclude Include="SpriteSheetComponent.h">
      <Filter>Engine\GameFiles\Components\Sprite</Filter>
    </ClInclude>
    <ClInclude Include="Font.h">
      <Filter>Engine\base engine\Tex</Filter>
    </ClInclude>
    <ClInclude Include="Renderer.h">
      <Filter>Engine\base engine\Tex</Filter>
    </ClInclude>
    <ClInclude Include="ResourceManager.h">
      <Filter>Engine\base engine\Tex</Filter>
    </ClInclude>
    <ClInclude Include="Texture2D.h">
      <Filter>Engine\base engine\Tex</Filter>
    </ClInclude>
    <ClInclude Include="SpriteSheet2D.h">
      <Filter>Engine\base engine\Tex</Filter>
    </ClInclude>
    <ClInclude Include="TileMapComponent.h">
      <Filter>Engine\GameFiles\Components\Sprite</Filter>
    </ClInclude>
  </ItemGroup>
  <ItemGroup>
    <ClCompile Include="GameObject.cpp">
      <Filter>Engine\base engine</Filter>
    </ClCompile>
    <ClCompile Include="InputManager.cpp">
      <Filter>Engine\base engine</Filter>
    </ClCompile>
    <ClCompile Include="Scene.cpp">
      <Filter>Engine\base engine</Filter>
    </ClCompile>
    <ClCompile Include="SceneManager.cpp">
      <Filter>Engine\base engine</Filter>
    </ClCompile>
    <ClCompile Include="Transform.cpp">
      <Filter>Engine\base engine</Filter>
    </ClCompile>
    <ClCompile Include="Component.cpp">
      <Filter>Source Files</Filter>
    </ClCompile>
    <ClCompile Include="FPSdisplay.cpp">
      <Filter>Engine\GameFiles\Components\Text</Filter>
    </ClCompile>
    <ClCompile Include="PlainTextComponent.cpp">
      <Filter>Engine\GameFiles\Components\Text</Filter>
    </ClCompile>
    <ClCompile Include="Main.cpp">
      <Filter>Engine\GameFiles</Filter>
    </ClCompile>
    <ClCompile Include="GameData.cpp">
      <Filter>Source Files</Filter>
    </ClCompile>
    <ClCompile Include="RotationComponent.cpp">
      <Filter>Engine\GameFiles\Components\movement</Filter>
    </ClCompile>
    <ClCompile Include="..\3rdParty\imgui-1.90.4\imgui.cpp">
      <Filter>Imgui</Filter>
    </ClCompile>
    <ClCompile Include="..\3rdParty\imgui-1.90.4\imgui_demo.cpp">
      <Filter>Imgui</Filter>
    </ClCompile>
    <ClCompile Include="..\3rdParty\imgui-1.90.4\imgui_draw.cpp">
      <Filter>Imgui</Filter>
    </ClCompile>
    <ClCompile Include="..\3rdParty\imgui-1.90.4\imgui_tables.cpp">
      <Filter>Imgui</Filter>
    </ClCompile>
    <ClCompile Include="..\3rdParty\imgui-1.90.4\imgui_widgets.cpp">
      <Filter>Imgui</Filter>
    </ClCompile>
    <ClCompile Include="..\3rdParty\imgui-1.90.4\backends\imgui_impl_opengl3.cpp">
      <Filter>Imgui\backends</Filter>
    </ClCompile>
    <ClCompile Include="..\3rdParty\imgui-1.90.4\backends\imgui_impl_sdl2.cpp">
      <Filter>Imgui\backends</Filter>
    </ClCompile>
    <ClCompile Include="TrashTheCache.cpp">
      <Filter>Source Files</Filter>
    </ClCompile>
    <ClCompile Include="..\3rdParty\imgui-1.90.4\imgui_plot.cpp">
      <Filter>Imgui</Filter>
    </ClCompile>
    <ClCompile Include="Minigin.cpp">
      <Filter>Source Files</Filter>
    </ClCompile>
    <ClCompile Include="ControllerDevice.cpp">
      <Filter>Engine\GameFiles\Input\Devices</Filter>
    </ClCompile>
    <ClCompile Include="KeyboardDevice.cpp">
      <Filter>Engine\GameFiles\Input\Devices</Filter>
    </ClCompile>
    <ClCompile Include="PlayerComponent.cpp">
      <Filter>Engine\GameFiles\Components\Player</Filter>
    </ClCompile>
    <ClCompile Include="ScoreDisplays.cpp">
      <Filter>Engine\GameFiles\Components\Player</Filter>
    </ClCompile>
    <ClCompile Include="TextureComponent.cpp">
      <Filter>Engine\GameFiles\Components\Sprite</Filter>
    </ClCompile>
    <ClCompile Include="SpriteSheetComponent.cpp">
      <Filter>Engine\GameFiles\Components\Sprite</Filter>
    </ClCompile>
    <ClCompile Include="Font.cpp">
      <Filter>Engine\base engine\Tex</Filter>
    </ClCompile>
    <ClCompile Include="Renderer.cpp">
      <Filter>Engine\base engine\Tex</Filter>
    </ClCompile>
    <ClCompile Include="ResourceManager.cpp">
      <Filter>Engine\base engine\Tex</Filter>
    </ClCompile>
    <ClCompile Include="Texture2D.cpp">
      <Filter>Engine\base engine\Tex</Filter>
    </ClCompile>
    <ClCompile Include="TileMapComponent.cpp">
      <Filter>Engine\GameFiles\Components\Sprite</Filter>
    </ClCompile>
  </ItemGroup>
</Project>